version = 1
revision = 3
requires-python = ">=3.14"

[[package]]
name = "aioring"
version = "0.1.0"
source = { virtual = "." }
dependencies = [
    { name = "liburing" },
]

[package.metadata]
requires-dist = [{ name = "liburing", specifier = ">=2024.5.3" }]

[[package]]
name = "dynamic-import"
version = "2024.5.2"
source = { registry = "https://pypi.org/simple" }
sdist = { url = "https://files.pythonhosted.org/packages/12/8b/68fb02aeb01d56a605dfb84446a7268462ddf4a28100dfdab98039832efc/dynamic_import-2024.5.2.tar.gz", hash = "sha256:76d58ee6f4065a793b0aabb79c0b26243f3c6b45d17616eebe27dfef3a0d9194", size = 27715, upload-time = "2024-05-02T16:27:16.043Z" }
wheels = [
    { url = "https://files.pythonhosted.org/packages/fd/38/2f5fc544f62837156834a147be8fd3a3de1c7d9a17826632e64af646cf81/dynamic_import-2024.5.2-py3-none-any.whl", hash = "sha256:61d7c7900faad12a5df3c1939155c609e966357285f7bd85efe43e0c4ef74387", size = 19129, upload-time = "2024-05-02T16:27:14.163Z" },
]

[[package]]
name = "liburing"
version = "2024.5.3"
source = { registry = "https://pypi.org/simple" }
dependencies = [
    { name = "dynamic-import" },
]
sdist = { url = "https://files.pythonhosted.org/packages/e8/ca/a7a525b7f1b3a26f19d10204ebd2242abbca0538046c90742da9570db034/liburing-2024.5.3.tar.gz", hash = "sha256:e20420187e913d219109eccc15dcf014291da668c8b2ae9f44ccac043e6de270", size = 117363, upload-time = "2024-05-03T16:51:00.551Z" }
